// !$*UTF8*$!
{
	archiveVersion = 1;
	classes = {
	};
	objectVersion = 50;
	objects = {

/* Begin PBXBuildFile section */
		C7CBFD3CE856BCE7110B4F51 /* Pods_Jenius_Hackathon.framework in Frameworks */ = {isa = PBXBuildFile; fileRef = F06DF6DC3BC5CACC1CFA3995 /* Pods_Jenius_Hackathon.framework */; };
		E436FD372220E54800122A17 /* AppDelegate.swift in Sources */ = {isa = PBXBuildFile; fileRef = E436FD362220E54800122A17 /* AppDelegate.swift */; };
		E436FD392220E54800122A17 /* SplashViewController.swift in Sources */ = {isa = PBXBuildFile; fileRef = E436FD382220E54800122A17 /* SplashViewController.swift */; };
		E436FD3F2220E54800122A17 /* Jenius_Hackathon.xcdatamodeld in Sources */ = {isa = PBXBuildFile; fileRef = E436FD3D2220E54800122A17 /* Jenius_Hackathon.xcdatamodeld */; };
		E436FD412220E54A00122A17 /* Assets.xcassets in Resources */ = {isa = PBXBuildFile; fileRef = E436FD402220E54A00122A17 /* Assets.xcassets */; };
		E436FD442220E54A00122A17 /* LaunchScreen.storyboard in Resources */ = {isa = PBXBuildFile; fileRef = E436FD422220E54A00122A17 /* LaunchScreen.storyboard */; };
		E436FD4C2220E7C100122A17 /* SplashViewController.xib in Resources */ = {isa = PBXBuildFile; fileRef = E436FD4B2220E7C100122A17 /* SplashViewController.xib */; };
		E436FD512220EA6A00122A17 /* GoogleService-Info.plist in Resources */ = {isa = PBXBuildFile; fileRef = E436FD502220EA6A00122A17 /* GoogleService-Info.plist */; };
		E436FD5A2220EF7500122A17 /* LoginViewController.swift in Sources */ = {isa = PBXBuildFile; fileRef = E436FD582220EF7500122A17 /* LoginViewController.swift */; };
		E436FD5B2220EF7500122A17 /* LoginViewController.xib in Resources */ = {isa = PBXBuildFile; fileRef = E436FD592220EF7500122A17 /* LoginViewController.xib */; };
		E436FD602220F1B300122A17 /* Variables.swift in Sources */ = {isa = PBXBuildFile; fileRef = E436FD5F2220F1B300122A17 /* Variables.swift */; };
		E436FD632220F35900122A17 /* UITextField.swift in Sources */ = {isa = PBXBuildFile; fileRef = E436FD622220F35900122A17 /* UITextField.swift */; };
		E436FD702221179200122A17 /* RegisterViewController.swift in Sources */ = {isa = PBXBuildFile; fileRef = E436FD6E2221179200122A17 /* RegisterViewController.swift */; };
		E436FD712221179200122A17 /* RegisterViewController.xib in Resources */ = {isa = PBXBuildFile; fileRef = E436FD6F2221179200122A17 /* RegisterViewController.xib */; };
		E436FD7522213F0600122A17 /* PaymentViewController-Layout.swift in Sources */ = {isa = PBXBuildFile; fileRef = E436FD7222213F0600122A17 /* PaymentViewController-Layout.swift */; };
		E436FD7622213F0600122A17 /* PaymentViewController.swift in Sources */ = {isa = PBXBuildFile; fileRef = E436FD7322213F0600122A17 /* PaymentViewController.swift */; };
		E436FD7722213F0600122A17 /* PaymentViewController-ViewProperties.swift in Sources */ = {isa = PBXBuildFile; fileRef = E436FD7422213F0600122A17 /* PaymentViewController-ViewProperties.swift */; };
		E436FD7922213F2F00122A17 /* Functions.swift in Sources */ = {isa = PBXBuildFile; fileRef = E436FD7822213F2E00122A17 /* Functions.swift */; };
		E436FD7F2221570300122A17 /* MerchantViewController.swift in Sources */ = {isa = PBXBuildFile; fileRef = E436FD7D2221570300122A17 /* MerchantViewController.swift */; };
		E436FD802221570300122A17 /* MerchantViewController.xib in Resources */ = {isa = PBXBuildFile; fileRef = E436FD7E2221570300122A17 /* MerchantViewController.xib */; };
		E436FD872221822D00122A17 /* LogoAnimation.json in Resources */ = {isa = PBXBuildFile; fileRef = E436FD862221822D00122A17 /* LogoAnimation.json */; };
		E436FD8E222190BB00122A17 /* TableHeaderCell.swift in Sources */ = {isa = PBXBuildFile; fileRef = E436FD8C222190BB00122A17 /* TableHeaderCell.swift */; };
		E436FD8F222190BB00122A17 /* TableHeaderCell.xib in Resources */ = {isa = PBXBuildFile; fileRef = E436FD8D222190BB00122A17 /* TableHeaderCell.xib */; };
		E436FD922221A15F00122A17 /* ContentCell.swift in Sources */ = {isa = PBXBuildFile; fileRef = E436FD902221A15F00122A17 /* ContentCell.swift */; };
		E436FD932221A15F00122A17 /* ContentCell.xib in Resources */ = {isa = PBXBuildFile; fileRef = E436FD912221A15F00122A17 /* ContentCell.xib */; };
		E436FDC02221F84900122A17 /* ChangePasswordViewController.swift in Sources */ = {isa = PBXBuildFile; fileRef = E436FDBE2221F84900122A17 /* ChangePasswordViewController.swift */; };
		E436FDC12221F84900122A17 /* ChangePasswordViewController.xib in Resources */ = {isa = PBXBuildFile; fileRef = E436FDBF2221F84900122A17 /* ChangePasswordViewController.xib */; };
		E436FDC32221FB7F00122A17 /* PinEnterViewController-CollectionView.swift in Sources */ = {isa = PBXBuildFile; fileRef = E436FDC22221FB7F00122A17 /* PinEnterViewController-CollectionView.swift */; };
		E436FDC6222206BA00122A17 /* ForgetPasswordViewController.swift in Sources */ = {isa = PBXBuildFile; fileRef = E436FDC4222206BA00122A17 /* ForgetPasswordViewController.swift */; };
		E436FDC7222206BA00122A17 /* ForgetPasswordViewController.xib in Resources */ = {isa = PBXBuildFile; fileRef = E436FDC5222206BA00122A17 /* ForgetPasswordViewController.xib */; };
		ED0299BA2220F95D00DEC9D1 /* Extensions.swift in Sources */ = {isa = PBXBuildFile; fileRef = ED0299B92220F95D00DEC9D1 /* Extensions.swift */; };
		ED0299BE2221016D00DEC9D1 /* ConfirmatioViewController.swift in Sources */ = {isa = PBXBuildFile; fileRef = ED0299BD2221016D00DEC9D1 /* ConfirmatioViewController.swift */; };
		ED0299C02221094200DEC9D1 /* ConfirmationViewController-ViewProperties.swift in Sources */ = {isa = PBXBuildFile; fileRef = ED0299BF2221094200DEC9D1 /* ConfirmationViewController-ViewProperties.swift */; };
		ED0299C22221098E00DEC9D1 /* ConfirmationViewController-Layout.swift in Sources */ = {isa = PBXBuildFile; fileRef = ED0299C12221098E00DEC9D1 /* ConfirmationViewController-Layout.swift */; };
		ED89385F2220EA3C009A6C5A /* MainTabBarController.swift in Sources */ = {isa = PBXBuildFile; fileRef = ED89385E2220EA3C009A6C5A /* MainTabBarController.swift */; };
		ED925FF92221368100DFB24E /* HistoryViewController.swift in Sources */ = {isa = PBXBuildFile; fileRef = ED925FF82221368100DFB24E /* HistoryViewController.swift */; };
		ED925FFB2221368A00DFB24E /* HistoryViewController-ViewProperties.swift in Sources */ = {isa = PBXBuildFile; fileRef = ED925FFA2221368A00DFB24E /* HistoryViewController-ViewProperties.swift */; };
		ED925FFD2221369300DFB24E /* HistoryViewController-Layout.swift in Sources */ = {isa = PBXBuildFile; fileRef = ED925FFC2221369300DFB24E /* HistoryViewController-Layout.swift */; };
		ED9260022221559B00DFB24E /* HistoryData.swift in Sources */ = {isa = PBXBuildFile; fileRef = ED9260012221559B00DFB24E /* HistoryData.swift */; };
		ED9260042221564D00DFB24E /* HistoryViewController-TableView.swift in Sources */ = {isa = PBXBuildFile; fileRef = ED9260032221564D00DFB24E /* HistoryViewController-TableView.swift */; };
		ED9260062221631D00DFB24E /* HistoryCell.swift in Sources */ = {isa = PBXBuildFile; fileRef = ED9260052221631D00DFB24E /* HistoryCell.swift */; };
		ED92600B22217E5400DFB24E /* HeaderCell.swift in Sources */ = {isa = PBXBuildFile; fileRef = ED92600A22217E5400DFB24E /* HeaderCell.swift */; };
		ED92600E22218F5400DFB24E /* PinEnterViewController.swift in Sources */ = {isa = PBXBuildFile; fileRef = ED92600D22218F5400DFB24E /* PinEnterViewController.swift */; };
		ED92601022218F9F00DFB24E /* PinEnterViewController-ViewProperties.swift in Sources */ = {isa = PBXBuildFile; fileRef = ED92600F22218F9F00DFB24E /* PinEnterViewController-ViewProperties.swift */; };
		ED92601222218FC600DFB24E /* PinEnterViewController-Layout.swift in Sources */ = {isa = PBXBuildFile; fileRef = ED92601122218FC600DFB24E /* PinEnterViewController-Layout.swift */; };
/* End PBXBuildFile section */

/* Begin PBXCopyFilesBuildPhase section */
		E436FDB82221C27F00122A17 /* Embed App Extensions */ = {
			isa = PBXCopyFilesBuildPhase;
			buildActionMask = 2147483647;
			dstPath = "";
			dstSubfolderSpec = 13;
			files = (
			);
			name = "Embed App Extensions";
			runOnlyForDeploymentPostprocessing = 0;
		};
/* End PBXCopyFilesBuildPhase section */

/* Begin PBXFileReference section */
		C44F77DD340EFA1069A7AB49 /* Pods-Jenius-Hackathon.release.xcconfig */ = {isa = PBXFileReference; includeInIndex = 1; lastKnownFileType = text.xcconfig; name = "Pods-Jenius-Hackathon.release.xcconfig"; path = "Target Support Files/Pods-Jenius-Hackathon/Pods-Jenius-Hackathon.release.xcconfig"; sourceTree = "<group>"; };
		E436FD332220E54800122A17 /* Jenius-Hackathon.app */ = {isa = PBXFileReference; explicitFileType = wrapper.application; includeInIndex = 0; path = "Jenius-Hackathon.app"; sourceTree = BUILT_PRODUCTS_DIR; };
		E436FD362220E54800122A17 /* AppDelegate.swift */ = {isa = PBXFileReference; lastKnownFileType = sourcecode.swift; path = AppDelegate.swift; sourceTree = "<group>"; };
		E436FD382220E54800122A17 /* SplashViewController.swift */ = {isa = PBXFileReference; lastKnownFileType = sourcecode.swift; path = SplashViewController.swift; sourceTree = "<group>"; };
		E436FD3E2220E54800122A17 /* Jenius_Hackathon.xcdatamodel */ = {isa = PBXFileReference; lastKnownFileType = wrapper.xcdatamodel; path = Jenius_Hackathon.xcdatamodel; sourceTree = "<group>"; };
		E436FD402220E54A00122A17 /* Assets.xcassets */ = {isa = PBXFileReference; lastKnownFileType = folder.assetcatalog; path = Assets.xcassets; sourceTree = "<group>"; };
		E436FD432220E54A00122A17 /* Base */ = {isa = PBXFileReference; lastKnownFileType = file.storyboard; name = Base; path = Base.lproj/LaunchScreen.storyboard; sourceTree = "<group>"; };
		E436FD452220E54A00122A17 /* Info.plist */ = {isa = PBXFileReference; lastKnownFileType = text.plist.xml; path = Info.plist; sourceTree = "<group>"; };
		E436FD4B2220E7C100122A17 /* SplashViewController.xib */ = {isa = PBXFileReference; lastKnownFileType = file.xib; path = SplashViewController.xib; sourceTree = "<group>"; };
		E436FD502220EA6A00122A17 /* GoogleService-Info.plist */ = {isa = PBXFileReference; fileEncoding = 4; lastKnownFileType = text.plist.xml; path = "GoogleService-Info.plist"; sourceTree = "<group>"; };
		E436FD582220EF7500122A17 /* LoginViewController.swift */ = {isa = PBXFileReference; lastKnownFileType = sourcecode.swift; path = LoginViewController.swift; sourceTree = "<group>"; };
		E436FD592220EF7500122A17 /* LoginViewController.xib */ = {isa = PBXFileReference; lastKnownFileType = file.xib; path = LoginViewController.xib; sourceTree = "<group>"; };
		E436FD5F2220F1B300122A17 /* Variables.swift */ = {isa = PBXFileReference; lastKnownFileType = sourcecode.swift; path = Variables.swift; sourceTree = "<group>"; };
		E436FD622220F35900122A17 /* UITextField.swift */ = {isa = PBXFileReference; lastKnownFileType = sourcecode.swift; path = UITextField.swift; sourceTree = "<group>"; };
		E436FD6E2221179200122A17 /* RegisterViewController.swift */ = {isa = PBXFileReference; lastKnownFileType = sourcecode.swift; path = RegisterViewController.swift; sourceTree = "<group>"; };
		E436FD6F2221179200122A17 /* RegisterViewController.xib */ = {isa = PBXFileReference; lastKnownFileType = file.xib; path = RegisterViewController.xib; sourceTree = "<group>"; };
		E436FD7222213F0600122A17 /* PaymentViewController-Layout.swift */ = {isa = PBXFileReference; fileEncoding = 4; lastKnownFileType = sourcecode.swift; path = "PaymentViewController-Layout.swift"; sourceTree = "<group>"; };
		E436FD7322213F0600122A17 /* PaymentViewController.swift */ = {isa = PBXFileReference; fileEncoding = 4; lastKnownFileType = sourcecode.swift; path = PaymentViewController.swift; sourceTree = "<group>"; };
		E436FD7422213F0600122A17 /* PaymentViewController-ViewProperties.swift */ = {isa = PBXFileReference; fileEncoding = 4; lastKnownFileType = sourcecode.swift; path = "PaymentViewController-ViewProperties.swift"; sourceTree = "<group>"; };
		E436FD7822213F2E00122A17 /* Functions.swift */ = {isa = PBXFileReference; fileEncoding = 4; lastKnownFileType = sourcecode.swift; path = Functions.swift; sourceTree = "<group>"; };
		E436FD7D2221570300122A17 /* MerchantViewController.swift */ = {isa = PBXFileReference; lastKnownFileType = sourcecode.swift; path = MerchantViewController.swift; sourceTree = "<group>"; };
		E436FD7E2221570300122A17 /* MerchantViewController.xib */ = {isa = PBXFileReference; lastKnownFileType = file.xib; path = MerchantViewController.xib; sourceTree = "<group>"; };
		E436FD862221822D00122A17 /* LogoAnimation.json */ = {isa = PBXFileReference; fileEncoding = 4; lastKnownFileType = text.json; path = LogoAnimation.json; sourceTree = "<group>"; };
		E436FD8C222190BB00122A17 /* TableHeaderCell.swift */ = {isa = PBXFileReference; lastKnownFileType = sourcecode.swift; path = TableHeaderCell.swift; sourceTree = "<group>"; };
		E436FD8D222190BB00122A17 /* TableHeaderCell.xib */ = {isa = PBXFileReference; lastKnownFileType = file.xib; path = TableHeaderCell.xib; sourceTree = "<group>"; };
		E436FD902221A15F00122A17 /* ContentCell.swift */ = {isa = PBXFileReference; lastKnownFileType = sourcecode.swift; path = ContentCell.swift; sourceTree = "<group>"; };
		E436FD912221A15F00122A17 /* ContentCell.xib */ = {isa = PBXFileReference; lastKnownFileType = file.xib; path = ContentCell.xib; sourceTree = "<group>"; };
		E436FD9B2221C27F00122A17 /* IntentHandler.swift */ = {isa = PBXFileReference; lastKnownFileType = sourcecode.swift; path = IntentHandler.swift; sourceTree = "<group>"; };
		E436FD9D2221C27F00122A17 /* Info.plist */ = {isa = PBXFileReference; lastKnownFileType = text.plist.xml; path = Info.plist; sourceTree = "<group>"; };
		E436FDA32221C27F00122A17 /* IntentsUI.framework */ = {isa = PBXFileReference; lastKnownFileType = wrapper.framework; name = IntentsUI.framework; path = System/Library/Frameworks/IntentsUI.framework; sourceTree = SDKROOT; };
		E436FDA62221C27F00122A17 /* IntentViewController.swift */ = {isa = PBXFileReference; lastKnownFileType = sourcecode.swift; path = IntentViewController.swift; sourceTree = "<group>"; };
		E436FDA92221C27F00122A17 /* Base */ = {isa = PBXFileReference; lastKnownFileType = file.storyboard; name = Base; path = Base.lproj/MainInterface.storyboard; sourceTree = "<group>"; };
		E436FDAB2221C27F00122A17 /* Info.plist */ = {isa = PBXFileReference; lastKnownFileType = text.plist.xml; path = Info.plist; sourceTree = "<group>"; };
		E436FDBE2221F84900122A17 /* ChangePasswordViewController.swift */ = {isa = PBXFileReference; lastKnownFileType = sourcecode.swift; path = ChangePasswordViewController.swift; sourceTree = "<group>"; };
		E436FDBF2221F84900122A17 /* ChangePasswordViewController.xib */ = {isa = PBXFileReference; lastKnownFileType = file.xib; path = ChangePasswordViewController.xib; sourceTree = "<group>"; };
		E436FDC22221FB7F00122A17 /* PinEnterViewController-CollectionView.swift */ = {isa = PBXFileReference; fileEncoding = 4; lastKnownFileType = sourcecode.swift; path = "PinEnterViewController-CollectionView.swift"; sourceTree = "<group>"; };
		E436FDC4222206BA00122A17 /* ForgetPasswordViewController.swift */ = {isa = PBXFileReference; lastKnownFileType = sourcecode.swift; path = ForgetPasswordViewController.swift; sourceTree = "<group>"; };
		E436FDC5222206BA00122A17 /* ForgetPasswordViewController.xib */ = {isa = PBXFileReference; lastKnownFileType = file.xib; path = ForgetPasswordViewController.xib; sourceTree = "<group>"; };
		ED0299B92220F95D00DEC9D1 /* Extensions.swift */ = {isa = PBXFileReference; lastKnownFileType = sourcecode.swift; path = Extensions.swift; sourceTree = "<group>"; };
		ED0299BD2221016D00DEC9D1 /* ConfirmatioViewController.swift */ = {isa = PBXFileReference; lastKnownFileType = sourcecode.swift; path = ConfirmatioViewController.swift; sourceTree = "<group>"; };
		ED0299BF2221094200DEC9D1 /* ConfirmationViewController-ViewProperties.swift */ = {isa = PBXFileReference; lastKnownFileType = sourcecode.swift; path = "ConfirmationViewController-ViewProperties.swift"; sourceTree = "<group>"; };
		ED0299C12221098E00DEC9D1 /* ConfirmationViewController-Layout.swift */ = {isa = PBXFileReference; lastKnownFileType = sourcecode.swift; path = "ConfirmationViewController-Layout.swift"; sourceTree = "<group>"; };
		ED89385E2220EA3C009A6C5A /* MainTabBarController.swift */ = {isa = PBXFileReference; lastKnownFileType = sourcecode.swift; path = MainTabBarController.swift; sourceTree = "<group>"; };
		ED925FF82221368100DFB24E /* HistoryViewController.swift */ = {isa = PBXFileReference; lastKnownFileType = sourcecode.swift; path = HistoryViewController.swift; sourceTree = "<group>"; };
		ED925FFA2221368A00DFB24E /* HistoryViewController-ViewProperties.swift */ = {isa = PBXFileReference; lastKnownFileType = sourcecode.swift; path = "HistoryViewController-ViewProperties.swift"; sourceTree = "<group>"; };
		ED925FFC2221369300DFB24E /* HistoryViewController-Layout.swift */ = {isa = PBXFileReference; lastKnownFileType = sourcecode.swift; path = "HistoryViewController-Layout.swift"; sourceTree = "<group>"; };
		ED9260012221559B00DFB24E /* HistoryData.swift */ = {isa = PBXFileReference; lastKnownFileType = sourcecode.swift; path = HistoryData.swift; sourceTree = "<group>"; };
		ED9260032221564D00DFB24E /* HistoryViewController-TableView.swift */ = {isa = PBXFileReference; lastKnownFileType = sourcecode.swift; path = "HistoryViewController-TableView.swift"; sourceTree = "<group>"; };
		ED9260052221631D00DFB24E /* HistoryCell.swift */ = {isa = PBXFileReference; lastKnownFileType = sourcecode.swift; path = HistoryCell.swift; sourceTree = "<group>"; };
		ED92600A22217E5400DFB24E /* HeaderCell.swift */ = {isa = PBXFileReference; lastKnownFileType = sourcecode.swift; path = HeaderCell.swift; sourceTree = "<group>"; };
		ED92600D22218F5400DFB24E /* PinEnterViewController.swift */ = {isa = PBXFileReference; lastKnownFileType = sourcecode.swift; path = PinEnterViewController.swift; sourceTree = "<group>"; };
		ED92600F22218F9F00DFB24E /* PinEnterViewController-ViewProperties.swift */ = {isa = PBXFileReference; lastKnownFileType = sourcecode.swift; path = "PinEnterViewController-ViewProperties.swift"; sourceTree = "<group>"; };
		ED92601122218FC600DFB24E /* PinEnterViewController-Layout.swift */ = {isa = PBXFileReference; lastKnownFileType = sourcecode.swift; path = "PinEnterViewController-Layout.swift"; sourceTree = "<group>"; };
		F06DF6DC3BC5CACC1CFA3995 /* Pods_Jenius_Hackathon.framework */ = {isa = PBXFileReference; explicitFileType = wrapper.framework; includeInIndex = 0; path = Pods_Jenius_Hackathon.framework; sourceTree = BUILT_PRODUCTS_DIR; };
		F1D517AD29A2B856A3AA5C30 /* Pods-Jenius-Hackathon.debug.xcconfig */ = {isa = PBXFileReference; includeInIndex = 1; lastKnownFileType = text.xcconfig; name = "Pods-Jenius-Hackathon.debug.xcconfig"; path = "Target Support Files/Pods-Jenius-Hackathon/Pods-Jenius-Hackathon.debug.xcconfig"; sourceTree = "<group>"; };
/* End PBXFileReference section */

/* Begin PBXFrameworksBuildPhase section */
		E436FD302220E54800122A17 /* Frameworks */ = {
			isa = PBXFrameworksBuildPhase;
			buildActionMask = 2147483647;
			files = (
				C7CBFD3CE856BCE7110B4F51 /* Pods_Jenius_Hackathon.framework in Frameworks */,
			);
			runOnlyForDeploymentPostprocessing = 0;
		};
/* End PBXFrameworksBuildPhase section */

/* Begin PBXGroup section */
		1E6F440A3C766E76B04ACFB9 /* Pods */ = {
			isa = PBXGroup;
			children = (
				F1D517AD29A2B856A3AA5C30 /* Pods-Jenius-Hackathon.debug.xcconfig */,
				C44F77DD340EFA1069A7AB49 /* Pods-Jenius-Hackathon.release.xcconfig */,
			);
			path = Pods;
			sourceTree = "<group>";
		};
		ADEDA63E2020B3A579781FB9 /* Frameworks */ = {
			isa = PBXGroup;
			children = (
				F06DF6DC3BC5CACC1CFA3995 /* Pods_Jenius_Hackathon.framework */,
				E436FDA32221C27F00122A17 /* IntentsUI.framework */,
			);
			name = Frameworks;
			sourceTree = "<group>";
		};
		E436FD2A2220E54800122A17 = {
			isa = PBXGroup;
			children = (
				E436FD352220E54800122A17 /* Jenius-Hackathon */,
				E436FD9A2221C27F00122A17 /* UserAnalyticsIntent */,
				E436FDA52221C27F00122A17 /* UserAnalyticsIntentUI */,
				E436FD342220E54800122A17 /* Products */,
				1E6F440A3C766E76B04ACFB9 /* Pods */,
				ADEDA63E2020B3A579781FB9 /* Frameworks */,
			);
			sourceTree = "<group>";
		};
		E436FD342220E54800122A17 /* Products */ = {
			isa = PBXGroup;
			children = (
				E436FD332220E54800122A17 /* Jenius-Hackathon.app */,
			);
			name = Products;
			sourceTree = "<group>";
		};
		E436FD352220E54800122A17 /* Jenius-Hackathon */ = {
			isa = PBXGroup;
			children = (
				E436FD8122215D3F00122A17 /* LottieJson */,
				E436FD612220F34900122A17 /* Extension */,
				E436FD5E2220F1A200122A17 /* Global */,
				E436FD572220EF5200122A17 /* Landing */,
				ED8938622220ECBA009A6C5A /* Payment */,
				ED925FF72221366900DFB24E /* History */,
				E436FD7A2221567600122A17 /* Merchant */,
				E436FDBB2221F81800122A17 /* Passwords */,
				E436FD4D2220E93000122A17 /* Root */,
				E436FD362220E54800122A17 /* AppDelegate.swift */,
				E436FD402220E54A00122A17 /* Assets.xcassets */,
				E436FD422220E54A00122A17 /* LaunchScreen.storyboard */,
				E436FD452220E54A00122A17 /* Info.plist */,
				E436FD502220EA6A00122A17 /* GoogleService-Info.plist */,
				E436FD3D2220E54800122A17 /* Jenius_Hackathon.xcdatamodeld */,
			);
			path = "Jenius-Hackathon";
			sourceTree = "<group>";
		};
		E436FD4D2220E93000122A17 /* Root */ = {
			isa = PBXGroup;
			children = (
				ED89385E2220EA3C009A6C5A /* MainTabBarController.swift */,
				E436FD4F2220E94200122A17 /* Controller */,
				E436FD4E2220E93D00122A17 /* View */,
			);
			path = Root;
			sourceTree = "<group>";
		};
		E436FD4E2220E93D00122A17 /* View */ = {
			isa = PBXGroup;
			children = (
				E436FD4B2220E7C100122A17 /* SplashViewController.xib */,
			);
			path = View;
			sourceTree = "<group>";
		};
		E436FD4F2220E94200122A17 /* Controller */ = {
			isa = PBXGroup;
			children = (
				E436FD382220E54800122A17 /* SplashViewController.swift */,
			);
			path = Controller;
			sourceTree = "<group>";
		};
		E436FD572220EF5200122A17 /* Landing */ = {
			isa = PBXGroup;
			children = (
				E436FD5D2220EF7B00122A17 /* View */,
				E436FD5C2220EF7A00122A17 /* Controller */,
			);
			path = Landing;
			sourceTree = "<group>";
		};
		E436FD5C2220EF7A00122A17 /* Controller */ = {
			isa = PBXGroup;
			children = (
				E436FD582220EF7500122A17 /* LoginViewController.swift */,
				E436FD6E2221179200122A17 /* RegisterViewController.swift */,
			);
			path = Controller;
			sourceTree = "<group>";
		};
		E436FD5D2220EF7B00122A17 /* View */ = {
			isa = PBXGroup;
			children = (
				E436FD592220EF7500122A17 /* LoginViewController.xib */,
				E436FD6F2221179200122A17 /* RegisterViewController.xib */,
			);
			path = View;
			sourceTree = "<group>";
		};
		E436FD5E2220F1A200122A17 /* Global */ = {
			isa = PBXGroup;
			children = (
				E436FD7822213F2E00122A17 /* Functions.swift */,
				E436FD5F2220F1B300122A17 /* Variables.swift */,
				ED0299B92220F95D00DEC9D1 /* Extensions.swift */,
			);
			path = Global;
			sourceTree = "<group>";
		};
		E436FD612220F34900122A17 /* Extension */ = {
			isa = PBXGroup;
			children = (
				E436FD622220F35900122A17 /* UITextField.swift */,
			);
			path = Extension;
			sourceTree = "<group>";
		};
		E436FD7A2221567600122A17 /* Merchant */ = {
			isa = PBXGroup;
			children = (
				E436FD7C222156EF00122A17 /* View */,
				E436FD7B222156ED00122A17 /* Controller */,
			);
			path = Merchant;
			sourceTree = "<group>";
		};
		E436FD7B222156ED00122A17 /* Controller */ = {
			isa = PBXGroup;
			children = (
				E436FD8A2221907600122A17 /* Cell */,
				E436FD7D2221570300122A17 /* MerchantViewController.swift */,
			);
			path = Controller;
			sourceTree = "<group>";
		};
		E436FD7C222156EF00122A17 /* View */ = {
			isa = PBXGroup;
			children = (
				E436FD8B2221907900122A17 /* Cell */,
				E436FD7E2221570300122A17 /* MerchantViewController.xib */,
			);
			path = View;
			sourceTree = "<group>";
		};
		E436FD8122215D3F00122A17 /* LottieJson */ = {
			isa = PBXGroup;
			children = (
				E436FD862221822D00122A17 /* LogoAnimation.json */,
			);
			path = LottieJson;
			sourceTree = "<group>";
		};
		E436FD8A2221907600122A17 /* Cell */ = {
			isa = PBXGroup;
			children = (
				E436FD8C222190BB00122A17 /* TableHeaderCell.swift */,
				E436FD902221A15F00122A17 /* ContentCell.swift */,
			);
			path = Cell;
			sourceTree = "<group>";
		};
		E436FD8B2221907900122A17 /* Cell */ = {
			isa = PBXGroup;
			children = (
				E436FD8D222190BB00122A17 /* TableHeaderCell.xib */,
				E436FD912221A15F00122A17 /* ContentCell.xib */,
			);
			name = Cell;
			path = View;
			sourceTree = "<group>";
		};
		E436FD9A2221C27F00122A17 /* UserAnalyticsIntent */ = {
			isa = PBXGroup;
			children = (
				E436FD9B2221C27F00122A17 /* IntentHandler.swift */,
				E436FD9D2221C27F00122A17 /* Info.plist */,
			);
			path = UserAnalyticsIntent;
			sourceTree = "<group>";
		};
		E436FDA52221C27F00122A17 /* UserAnalyticsIntentUI */ = {
			isa = PBXGroup;
			children = (
				E436FDA62221C27F00122A17 /* IntentViewController.swift */,
				E436FDA82221C27F00122A17 /* MainInterface.storyboard */,
				E436FDAB2221C27F00122A17 /* Info.plist */,
			);
			path = UserAnalyticsIntentUI;
			sourceTree = "<group>";
		};
		E436FDBB2221F81800122A17 /* Passwords */ = {
			isa = PBXGroup;
			children = (
				E436FDBD2221F82600122A17 /* View */,
				E436FDBC2221F82500122A17 /* Controller */,
			);
			path = Passwords;
			sourceTree = "<group>";
		};
		E436FDBC2221F82500122A17 /* Controller */ = {
			isa = PBXGroup;
			children = (
				E436FDBE2221F84900122A17 /* ChangePasswordViewController.swift */,
				E436FDC4222206BA00122A17 /* ForgetPasswordViewController.swift */,
			);
			path = Controller;
			sourceTree = "<group>";
		};
		E436FDBD2221F82600122A17 /* View */ = {
			isa = PBXGroup;
			children = (
				E436FDBF2221F84900122A17 /* ChangePasswordViewController.xib */,
				E436FDC5222206BA00122A17 /* ForgetPasswordViewController.xib */,
			);
			path = View;
			sourceTree = "<group>";
		};
		ED0299BB2221015800DEC9D1 /* Confirmation */ = {
			isa = PBXGroup;
			children = (
				ED0299BD2221016D00DEC9D1 /* ConfirmatioViewController.swift */,
				ED0299BF2221094200DEC9D1 /* ConfirmationViewController-ViewProperties.swift */,
				ED0299C12221098E00DEC9D1 /* ConfirmationViewController-Layout.swift */,
			);
			path = Confirmation;
			sourceTree = "<group>";
		};
		ED8938622220ECBA009A6C5A /* Payment */ = {
			isa = PBXGroup;
			children = (
				ED92600C22218F1600DFB24E /* PinEnter */,
				E436FD7222213F0600122A17 /* PaymentViewController-Layout.swift */,
				E436FD7422213F0600122A17 /* PaymentViewController-ViewProperties.swift */,
				E436FD7322213F0600122A17 /* PaymentViewController.swift */,
				ED0299BB2221015800DEC9D1 /* Confirmation */,
			);
			path = Payment;
			sourceTree = "<group>";
		};
		ED925FF72221366900DFB24E /* History */ = {
			isa = PBXGroup;
			children = (
				ED925FFF2221554100DFB24E /* Controller */,
				ED9260002221554800DFB24E /* View */,
				ED925FFE2221553B00DFB24E /* Model */,
			);
			path = History;
			sourceTree = "<group>";
		};
		ED925FFE2221553B00DFB24E /* Model */ = {
			isa = PBXGroup;
			children = (
				ED9260012221559B00DFB24E /* HistoryData.swift */,
			);
			path = Model;
			sourceTree = "<group>";
		};
		ED925FFF2221554100DFB24E /* Controller */ = {
			isa = PBXGroup;
			children = (
				ED925FF82221368100DFB24E /* HistoryViewController.swift */,
				ED925FFA2221368A00DFB24E /* HistoryViewController-ViewProperties.swift */,
				ED925FFC2221369300DFB24E /* HistoryViewController-Layout.swift */,
				ED9260032221564D00DFB24E /* HistoryViewController-TableView.swift */,
			);
			path = Controller;
			sourceTree = "<group>";
		};
		ED9260002221554800DFB24E /* View */ = {
			isa = PBXGroup;
			children = (
				ED9260052221631D00DFB24E /* HistoryCell.swift */,
				ED92600A22217E5400DFB24E /* HeaderCell.swift */,
			);
			path = View;
			sourceTree = "<group>";
		};
		ED92600C22218F1600DFB24E /* PinEnter */ = {
			isa = PBXGroup;
			children = (
				E436FDC22221FB7F00122A17 /* PinEnterViewController-CollectionView.swift */,
				ED92600D22218F5400DFB24E /* PinEnterViewController.swift */,
				ED92600F22218F9F00DFB24E /* PinEnterViewController-ViewProperties.swift */,
				ED92601122218FC600DFB24E /* PinEnterViewController-Layout.swift */,
			);
			path = PinEnter;
			sourceTree = "<group>";
		};
/* End PBXGroup section */

/* Begin PBXNativeTarget section */
		E436FD322220E54800122A17 /* Jenius-Hackathon */ = {
			isa = PBXNativeTarget;
			buildConfigurationList = E436FD482220E54A00122A17 /* Build configuration list for PBXNativeTarget "Jenius-Hackathon" */;
			buildPhases = (
				6480D4381CE2505043166E4F /* [CP] Check Pods Manifest.lock */,
				E436FD2F2220E54800122A17 /* Sources */,
				E436FD302220E54800122A17 /* Frameworks */,
				E436FD312220E54800122A17 /* Resources */,
				17CD3164F8437A5D51471FF5 /* [CP] Embed Pods Frameworks */,
				3141667E5A1FC16F9D723A01 /* [CP] Copy Pods Resources */,
				E436FDB82221C27F00122A17 /* Embed App Extensions */,
			);
			buildRules = (
			);
			dependencies = (
			);
			name = "Jenius-Hackathon";
			productName = "Jenius-Hackathon";
			productReference = E436FD332220E54800122A17 /* Jenius-Hackathon.app */;
			productType = "com.apple.product-type.application";
		};
/* End PBXNativeTarget section */

/* Begin PBXProject section */
		E436FD2B2220E54800122A17 /* Project object */ = {
			isa = PBXProject;
			attributes = {
				LastSwiftUpdateCheck = 1010;
				LastUpgradeCheck = 1010;
				ORGANIZATIONNAME = "Hubert Wang";
				TargetAttributes = {
					E436FD322220E54800122A17 = {
						CreatedOnToolsVersion = 10.1;
						SystemCapabilities = {
							com.apple.Siri = {
								enabled = 0;
							};
						};
					};
				};
			};
			buildConfigurationList = E436FD2E2220E54800122A17 /* Build configuration list for PBXProject "Jenius-Hackathon" */;
			compatibilityVersion = "Xcode 9.3";
			developmentRegion = en;
			hasScannedForEncodings = 0;
			knownRegions = (
				en,
				Base,
			);
			mainGroup = E436FD2A2220E54800122A17;
			productRefGroup = E436FD342220E54800122A17 /* Products */;
			projectDirPath = "";
			projectRoot = "";
			targets = (
				E436FD322220E54800122A17 /* Jenius-Hackathon */,
			);
		};
/* End PBXProject section */

/* Begin PBXResourcesBuildPhase section */
		E436FD312220E54800122A17 /* Resources */ = {
			isa = PBXResourcesBuildPhase;
			buildActionMask = 2147483647;
			files = (
				E436FD5B2220EF7500122A17 /* LoginViewController.xib in Resources */,
				E436FD932221A15F00122A17 /* ContentCell.xib in Resources */,
				E436FD442220E54A00122A17 /* LaunchScreen.storyboard in Resources */,
				E436FDC12221F84900122A17 /* ChangePasswordViewController.xib in Resources */,
				E436FDC7222206BA00122A17 /* ForgetPasswordViewController.xib in Resources */,
				E436FD512220EA6A00122A17 /* GoogleService-Info.plist in Resources */,
				E436FD872221822D00122A17 /* LogoAnimation.json in Resources */,
				E436FD802221570300122A17 /* MerchantViewController.xib in Resources */,
				E436FD4C2220E7C100122A17 /* SplashViewController.xib in Resources */,
				E436FD412220E54A00122A17 /* Assets.xcassets in Resources */,
				E436FD8F222190BB00122A17 /* TableHeaderCell.xib in Resources */,
				E436FD712221179200122A17 /* RegisterViewController.xib in Resources */,
			);
			runOnlyForDeploymentPostprocessing = 0;
		};
/* End PBXResourcesBuildPhase section */

/* Begin PBXShellScriptBuildPhase section */
		17CD3164F8437A5D51471FF5 /* [CP] Embed Pods Frameworks */ = {
			isa = PBXShellScriptBuildPhase;
			buildActionMask = 2147483647;
			files = (
			);
			inputFileListPaths = (
			);
			inputPaths = (
				"${PODS_ROOT}/Target Support Files/Pods-Jenius-Hackathon/Pods-Jenius-Hackathon-frameworks.sh",
				"${BUILT_PRODUCTS_DIR}/BoringSSL/openssl.framework",
				"${BUILT_PRODUCTS_DIR}/GTMSessionFetcher/GTMSessionFetcher.framework",
				"${BUILT_PRODUCTS_DIR}/GoogleUtilities/GoogleUtilities.framework",
				"${BUILT_PRODUCTS_DIR}/Protobuf/Protobuf.framework",
				"${BUILT_PRODUCTS_DIR}/gRPC-C++/grpcpp.framework",
				"${BUILT_PRODUCTS_DIR}/gRPC-Core/grpc.framework",
				"${BUILT_PRODUCTS_DIR}/leveldb-library/leveldb.framework",
				"${BUILT_PRODUCTS_DIR}/lottie-ios/Lottie.framework",
				"${BUILT_PRODUCTS_DIR}/nanopb/nanopb.framework",
			);
			name = "[CP] Embed Pods Frameworks";
			outputFileListPaths = (
			);
			outputPaths = (
				"${TARGET_BUILD_DIR}/${FRAMEWORKS_FOLDER_PATH}/openssl.framework",
				"${TARGET_BUILD_DIR}/${FRAMEWORKS_FOLDER_PATH}/GTMSessionFetcher.framework",
				"${TARGET_BUILD_DIR}/${FRAMEWORKS_FOLDER_PATH}/GoogleUtilities.framework",
				"${TARGET_BUILD_DIR}/${FRAMEWORKS_FOLDER_PATH}/Protobuf.framework",
				"${TARGET_BUILD_DIR}/${FRAMEWORKS_FOLDER_PATH}/grpcpp.framework",
				"${TARGET_BUILD_DIR}/${FRAMEWORKS_FOLDER_PATH}/grpc.framework",
				"${TARGET_BUILD_DIR}/${FRAMEWORKS_FOLDER_PATH}/leveldb.framework",
				"${TARGET_BUILD_DIR}/${FRAMEWORKS_FOLDER_PATH}/Lottie.framework",
				"${TARGET_BUILD_DIR}/${FRAMEWORKS_FOLDER_PATH}/nanopb.framework",
			);
			runOnlyForDeploymentPostprocessing = 0;
			shellPath = /bin/sh;
			shellScript = "\"${PODS_ROOT}/Target Support Files/Pods-Jenius-Hackathon/Pods-Jenius-Hackathon-frameworks.sh\"\n";
			showEnvVarsInLog = 0;
		};
		3141667E5A1FC16F9D723A01 /* [CP] Copy Pods Resources */ = {
			isa = PBXShellScriptBuildPhase;
			buildActionMask = 2147483647;
			files = (
			);
			inputFileListPaths = (
			);
			inputPaths = (
				"${PODS_ROOT}/Target Support Files/Pods-Jenius-Hackathon/Pods-Jenius-Hackathon-resources.sh",
				"${PODS_CONFIGURATION_BUILD_DIR}/FirebaseFirestore/gRPCCertificates-Firestore.bundle",
			);
			name = "[CP] Copy Pods Resources";
			outputFileListPaths = (
			);
			outputPaths = (
				"${TARGET_BUILD_DIR}/${UNLOCALIZED_RESOURCES_FOLDER_PATH}/gRPCCertificates-Firestore.bundle",
			);
			runOnlyForDeploymentPostprocessing = 0;
			shellPath = /bin/sh;
			shellScript = "\"${PODS_ROOT}/Target Support Files/Pods-Jenius-Hackathon/Pods-Jenius-Hackathon-resources.sh\"\n";
			showEnvVarsInLog = 0;
		};
		6480D4381CE2505043166E4F /* [CP] Check Pods Manifest.lock */ = {
			isa = PBXShellScriptBuildPhase;
			buildActionMask = 2147483647;
			files = (
			);
			inputFileListPaths = (
			);
			inputPaths = (
				"${PODS_PODFILE_DIR_PATH}/Podfile.lock",
				"${PODS_ROOT}/Manifest.lock",
			);
			name = "[CP] Check Pods Manifest.lock";
			outputFileListPaths = (
			);
			outputPaths = (
				"$(DERIVED_FILE_DIR)/Pods-Jenius-Hackathon-checkManifestLockResult.txt",
			);
			runOnlyForDeploymentPostprocessing = 0;
			shellPath = /bin/sh;
			shellScript = "diff \"${PODS_PODFILE_DIR_PATH}/Podfile.lock\" \"${PODS_ROOT}/Manifest.lock\" > /dev/null\nif [ $? != 0 ] ; then\n    # print error to STDERR\n    echo \"error: The sandbox is not in sync with the Podfile.lock. Run 'pod install' or update your CocoaPods installation.\" >&2\n    exit 1\nfi\n# This output is used by Xcode 'outputs' to avoid re-running this script phase.\necho \"SUCCESS\" > \"${SCRIPT_OUTPUT_FILE_0}\"\n";
			showEnvVarsInLog = 0;
		};
/* End PBXShellScriptBuildPhase section */

/* Begin PBXSourcesBuildPhase section */
		E436FD2F2220E54800122A17 /* Sources */ = {
			isa = PBXSourcesBuildPhase;
			buildActionMask = 2147483647;
			files = (
				E436FD3F2220E54800122A17 /* Jenius_Hackathon.xcdatamodeld in Sources */,
				ED0299C22221098E00DEC9D1 /* ConfirmationViewController-Layout.swift in Sources */,
				ED925FFD2221369300DFB24E /* HistoryViewController-Layout.swift in Sources */,
				E436FDC02221F84900122A17 /* ChangePasswordViewController.swift in Sources */,
				E436FD632220F35900122A17 /* UITextField.swift in Sources */,
				ED92600B22217E5400DFB24E /* HeaderCell.swift in Sources */,
				E436FD702221179200122A17 /* RegisterViewController.swift in Sources */,
				ED925FF92221368100DFB24E /* HistoryViewController.swift in Sources */,
				E436FD392220E54800122A17 /* SplashViewController.swift in Sources */,
				E436FD8E222190BB00122A17 /* TableHeaderCell.swift in Sources */,
				E436FD7622213F0600122A17 /* PaymentViewController.swift in Sources */,
				ED9260022221559B00DFB24E /* HistoryData.swift in Sources */,
				E436FD602220F1B300122A17 /* Variables.swift in Sources */,
				ED0299BA2220F95D00DEC9D1 /* Extensions.swift in Sources */,
				E436FDC6222206BA00122A17 /* ForgetPasswordViewController.swift in Sources */,
				E436FD7522213F0600122A17 /* PaymentViewController-Layout.swift in Sources */,
				E436FD7922213F2F00122A17 /* Functions.swift in Sources */,
				E436FD7F2221570300122A17 /* MerchantViewController.swift in Sources */,
				E436FD922221A15F00122A17 /* ContentCell.swift in Sources */,
				E436FDC32221FB7F00122A17 /* PinEnterViewController-CollectionView.swift in Sources */,
				ED92601222218FC600DFB24E /* PinEnterViewController-Layout.swift in Sources */,
				ED92601022218F9F00DFB24E /* PinEnterViewController-ViewProperties.swift in Sources */,
				E436FD7722213F0600122A17 /* PaymentViewController-ViewProperties.swift in Sources */,
				E436FD5A2220EF7500122A17 /* LoginViewController.swift in Sources */,
				ED0299BE2221016D00DEC9D1 /* ConfirmatioViewController.swift in Sources */,
				ED925FFB2221368A00DFB24E /* HistoryViewController-ViewProperties.swift in Sources */,
				ED89385F2220EA3C009A6C5A /* MainTabBarController.swift in Sources */,
				E436FD372220E54800122A17 /* AppDelegate.swift in Sources */,
				ED9260062221631D00DFB24E /* HistoryCell.swift in Sources */,
				ED9260042221564D00DFB24E /* HistoryViewController-TableView.swift in Sources */,
				ED92600E22218F5400DFB24E /* PinEnterViewController.swift in Sources */,
				ED0299C02221094200DEC9D1 /* ConfirmationViewController-ViewProperties.swift in Sources */,
			);
			runOnlyForDeploymentPostprocessing = 0;
		};
/* End PBXSourcesBuildPhase section */

/* Begin PBXVariantGroup section */
		E436FD422220E54A00122A17 /* LaunchScreen.storyboard */ = {
			isa = PBXVariantGroup;
			children = (
				E436FD432220E54A00122A17 /* Base */,
			);
			name = LaunchScreen.storyboard;
			sourceTree = "<group>";
		};
		E436FDA82221C27F00122A17 /* MainInterface.storyboard */ = {
			isa = PBXVariantGroup;
			children = (
				E436FDA92221C27F00122A17 /* Base */,
			);
			name = MainInterface.storyboard;
			sourceTree = "<group>";
		};
/* End PBXVariantGroup section */

/* Begin XCBuildConfiguration section */
		E436FD462220E54A00122A17 /* Debug */ = {
			isa = XCBuildConfiguration;
			buildSettings = {
				ALWAYS_SEARCH_USER_PATHS = NO;
				CLANG_ANALYZER_NONNULL = YES;
				CLANG_ANALYZER_NUMBER_OBJECT_CONVERSION = YES_AGGRESSIVE;
				CLANG_CXX_LANGUAGE_STANDARD = "gnu++14";
				CLANG_CXX_LIBRARY = "libc++";
				CLANG_ENABLE_MODULES = YES;
				CLANG_ENABLE_OBJC_ARC = YES;
				CLANG_ENABLE_OBJC_WEAK = YES;
				CLANG_WARN_BLOCK_CAPTURE_AUTORELEASING = YES;
				CLANG_WARN_BOOL_CONVERSION = YES;
				CLANG_WARN_COMMA = YES;
				CLANG_WARN_CONSTANT_CONVERSION = YES;
				CLANG_WARN_DEPRECATED_OBJC_IMPLEMENTATIONS = YES;
				CLANG_WARN_DIRECT_OBJC_ISA_USAGE = YES_ERROR;
				CLANG_WARN_DOCUMENTATION_COMMENTS = YES;
				CLANG_WARN_EMPTY_BODY = YES;
				CLANG_WARN_ENUM_CONVERSION = YES;
				CLANG_WARN_INFINITE_RECURSION = YES;
				CLANG_WARN_INT_CONVERSION = YES;
				CLANG_WARN_NON_LITERAL_NULL_CONVERSION = YES;
				CLANG_WARN_OBJC_IMPLICIT_RETAIN_SELF = YES;
				CLANG_WARN_OBJC_LITERAL_CONVERSION = YES;
				CLANG_WARN_OBJC_ROOT_CLASS = YES_ERROR;
				CLANG_WARN_RANGE_LOOP_ANALYSIS = YES;
				CLANG_WARN_STRICT_PROTOTYPES = YES;
				CLANG_WARN_SUSPICIOUS_MOVE = YES;
				CLANG_WARN_UNGUARDED_AVAILABILITY = YES_AGGRESSIVE;
				CLANG_WARN_UNREACHABLE_CODE = YES;
				CLANG_WARN__DUPLICATE_METHOD_MATCH = YES;
				CODE_SIGN_IDENTITY = "iPhone Developer";
				COPY_PHASE_STRIP = NO;
				DEBUG_INFORMATION_FORMAT = dwarf;
				ENABLE_STRICT_OBJC_MSGSEND = YES;
				ENABLE_TESTABILITY = YES;
				GCC_C_LANGUAGE_STANDARD = gnu11;
				GCC_DYNAMIC_NO_PIC = NO;
				GCC_NO_COMMON_BLOCKS = YES;
				GCC_OPTIMIZATION_LEVEL = 0;
				GCC_PREPROCESSOR_DEFINITIONS = (
					"DEBUG=1",
					"$(inherited)",
				);
				GCC_WARN_64_TO_32_BIT_CONVERSION = YES;
				GCC_WARN_ABOUT_RETURN_TYPE = YES_ERROR;
				GCC_WARN_UNDECLARED_SELECTOR = YES;
				GCC_WARN_UNINITIALIZED_AUTOS = YES_AGGRESSIVE;
				GCC_WARN_UNUSED_FUNCTION = YES;
				GCC_WARN_UNUSED_VARIABLE = YES;
				IPHONEOS_DEPLOYMENT_TARGET = 12.1;
				MTL_ENABLE_DEBUG_INFO = INCLUDE_SOURCE;
				MTL_FAST_MATH = YES;
				ONLY_ACTIVE_ARCH = YES;
				SDKROOT = iphoneos;
				SWIFT_ACTIVE_COMPILATION_CONDITIONS = DEBUG;
				SWIFT_OPTIMIZATION_LEVEL = "-Onone";
			};
			name = Debug;
		};
		E436FD472220E54A00122A17 /* Release */ = {
			isa = XCBuildConfiguration;
			buildSettings = {
				ALWAYS_SEARCH_USER_PATHS = NO;
				CLANG_ANALYZER_NONNULL = YES;
				CLANG_ANALYZER_NUMBER_OBJECT_CONVERSION = YES_AGGRESSIVE;
				CLANG_CXX_LANGUAGE_STANDARD = "gnu++14";
				CLANG_CXX_LIBRARY = "libc++";
				CLANG_ENABLE_MODULES = YES;
				CLANG_ENABLE_OBJC_ARC = YES;
				CLANG_ENABLE_OBJC_WEAK = YES;
				CLANG_WARN_BLOCK_CAPTURE_AUTORELEASING = YES;
				CLANG_WARN_BOOL_CONVERSION = YES;
				CLANG_WARN_COMMA = YES;
				CLANG_WARN_CONSTANT_CONVERSION = YES;
				CLANG_WARN_DEPRECATED_OBJC_IMPLEMENTATIONS = YES;
				CLANG_WARN_DIRECT_OBJC_ISA_USAGE = YES_ERROR;
				CLANG_WARN_DOCUMENTATION_COMMENTS = YES;
				CLANG_WARN_EMPTY_BODY = YES;
				CLANG_WARN_ENUM_CONVERSION = YES;
				CLANG_WARN_INFINITE_RECURSION = YES;
				CLANG_WARN_INT_CONVERSION = YES;
				CLANG_WARN_NON_LITERAL_NULL_CONVERSION = YES;
				CLANG_WARN_OBJC_IMPLICIT_RETAIN_SELF = YES;
				CLANG_WARN_OBJC_LITERAL_CONVERSION = YES;
				CLANG_WARN_OBJC_ROOT_CLASS = YES_ERROR;
				CLANG_WARN_RANGE_LOOP_ANALYSIS = YES;
				CLANG_WARN_STRICT_PROTOTYPES = YES;
				CLANG_WARN_SUSPICIOUS_MOVE = YES;
				CLANG_WARN_UNGUARDED_AVAILABILITY = YES_AGGRESSIVE;
				CLANG_WARN_UNREACHABLE_CODE = YES;
				CLANG_WARN__DUPLICATE_METHOD_MATCH = YES;
				CODE_SIGN_IDENTITY = "iPhone Developer";
				COPY_PHASE_STRIP = NO;
				DEBUG_INFORMATION_FORMAT = "dwarf-with-dsym";
				ENABLE_NS_ASSERTIONS = NO;
				ENABLE_STRICT_OBJC_MSGSEND = YES;
				GCC_C_LANGUAGE_STANDARD = gnu11;
				GCC_NO_COMMON_BLOCKS = YES;
				GCC_WARN_64_TO_32_BIT_CONVERSION = YES;
				GCC_WARN_ABOUT_RETURN_TYPE = YES_ERROR;
				GCC_WARN_UNDECLARED_SELECTOR = YES;
				GCC_WARN_UNINITIALIZED_AUTOS = YES_AGGRESSIVE;
				GCC_WARN_UNUSED_FUNCTION = YES;
				GCC_WARN_UNUSED_VARIABLE = YES;
				IPHONEOS_DEPLOYMENT_TARGET = 12.1;
				MTL_ENABLE_DEBUG_INFO = NO;
				MTL_FAST_MATH = YES;
				SDKROOT = iphoneos;
				SWIFT_COMPILATION_MODE = wholemodule;
				SWIFT_OPTIMIZATION_LEVEL = "-O";
				VALIDATE_PRODUCT = YES;
			};
			name = Release;
		};
		E436FD492220E54A00122A17 /* Debug */ = {
			isa = XCBuildConfiguration;
			baseConfigurationReference = F1D517AD29A2B856A3AA5C30 /* Pods-Jenius-Hackathon.debug.xcconfig */;
			buildSettings = {
				ALWAYS_EMBED_SWIFT_STANDARD_LIBRARIES = YES;
				ASSETCATALOG_COMPILER_APPICON_NAME = AppIcon;
				CODE_SIGN_STYLE = Automatic;
				DEVELOPMENT_TEAM = 8WF8BJSYNB;
				INFOPLIST_FILE = "Jenius-Hackathon/Info.plist";
				IPHONEOS_DEPLOYMENT_TARGET = 11.3;
				LD_RUNPATH_SEARCH_PATHS = (
					"$(inherited)",
					"@executable_path/Frameworks",
				);
				PRODUCT_BUNDLE_IDENTIFIER = "hubertwang.Jenius-Hackathon";
				PRODUCT_NAME = "$(TARGET_NAME)";
				SWIFT_VERSION = 4.2;
				TARGETED_DEVICE_FAMILY = "1,2";
			};
			name = Debug;
		};
		E436FD4A2220E54A00122A17 /* Release */ = {
			isa = XCBuildConfiguration;
			baseConfigurationReference = C44F77DD340EFA1069A7AB49 /* Pods-Jenius-Hackathon.release.xcconfig */;
			buildSettings = {
				ALWAYS_EMBED_SWIFT_STANDARD_LIBRARIES = YES;
				ASSETCATALOG_COMPILER_APPICON_NAME = AppIcon;
				CODE_SIGN_STYLE = Automatic;
				DEVELOPMENT_TEAM = 8WF8BJSYNB;
				INFOPLIST_FILE = "Jenius-Hackathon/Info.plist";
				IPHONEOS_DEPLOYMENT_TARGET = 11.3;
				LD_RUNPATH_SEARCH_PATHS = (
					"$(inherited)",
					"@executable_path/Frameworks",
				);
				PRODUCT_BUNDLE_IDENTIFIER = "hubertwang.Jenius-Hackathon";
				PRODUCT_NAME = "$(TARGET_NAME)";
				SWIFT_VERSION = 4.2;
				TARGETED_DEVICE_FAMILY = "1,2";
			};
			name = Release;
		};
/* End XCBuildConfiguration section */

/* Begin XCConfigurationList section */
		E436FD2E2220E54800122A17 /* Build configuration list for PBXProject "Jenius-Hackathon" */ = {
			isa = XCConfigurationList;
			buildConfigurations = (
				E436FD462220E54A00122A17 /* Debug */,
				E436FD472220E54A00122A17 /* Release */,
			);
			defaultConfigurationIsVisible = 0;
			defaultConfigurationName = Release;
		};
		E436FD482220E54A00122A17 /* Build configuration list for PBXNativeTarget "Jenius-Hackathon" */ = {
			isa = XCConfigurationList;
			buildConfigurations = (
				E436FD492220E54A00122A17 /* Debug */,
				E436FD4A2220E54A00122A17 /* Release */,
			);
			defaultConfigurationIsVisible = 0;
			defaultConfigurationName = Release;
		};
/* End XCConfigurationList section */

/* Begin XCVersionGroup section */
		E436FD3D2220E54800122A17 /* Jenius_Hackathon.xcdatamodeld */ = {
			isa = XCVersionGroup;
			children = (
				E436FD3E2220E54800122A17 /* Jenius_Hackathon.xcdatamodel */,
			);
			currentVersion = E436FD3E2220E54800122A17 /* Jenius_Hackathon.xcdatamodel */;
			path = Jenius_Hackathon.xcdatamodeld;
			sourceTree = "<group>";
			versionGroupType = wrapper.xcdatamodel;
		};
/* End XCVersionGroup section */
	};
	rootObject = E436FD2B2220E54800122A17 /* Project object */;
}
